
Microsoft Visual Studio Solution File, Format Version 12.00
# Visual Studio Version 17
VisualStudioVersion = 17.3.32922.545
MinimumVisualStudioVersion = 10.0.40219.1
Project("{FAE04EC0-301F-11D3-BF4B-00C04F79EFBC}") = "SmarthomeRest", "SmarthomeRest.csproj", "{DFAC39B4-26CD-4FF3-ABD2-74E097BCC86D}"
EndProject
Global
	GlobalSection(SolutionConfigurationPlatforms) = preSolution
		Debug|Any CPU = Debug|Any CPU
		Release|Any CPU = Release|Any CPU
	EndGlobalSection
	GlobalSection(ProjectConfigurationPlatforms) = postSolution
		{DFAC39B4-26CD-4FF3-ABD2-74E097BCC86D}.Debug|Any CPU.ActiveCfg = Debug|Any CPU
		{DFAC39B4-26CD-4FF3-ABD2-74E097BCC86D}.Debug|Any CPU.Build.0 = Debug|Any CPU
		{DFAC39B4-26CD-4FF3-ABD2-74E097BCC86D}.Release|Any CPU.ActiveCfg = Release|Any CPU
		{DFAC39B4-26CD-4FF3-ABD2-74E097BCC86D}.Release|Any CPU.Build.0 = Release|Any CPU
	EndGlobalSection
	GlobalSection(SolutionProperties) = preSolution
		HideSolutionNode = FALSE
	EndGlobalSection
	GlobalSection(ExtensibilityGlobals) = postSolution
		SolutionGuid = {10EA2FFC-DF90-4754-BDE5-3544F067F66E}
	EndGlobalSection
EndGlobal
